
Microsoft Visual Studio Solution File, Format Version 12.00
# Visual Studio Version 16
VisualStudioVersion = 16.0.32002.261
MinimumVisualStudioVersion = 10.0.40219.1
Project("{FAE04EC0-301F-11D3-BF4B-00C04F79EFBC}") = "ClientApp", "ClientApp\ClientApp.csproj", "{4B3B3739-F006-4C0C-AB0F-385FF994C1BA}"
EndProject
Global
	GlobalSection(SolutionConfigurationPlatforms) = preSolution
		Debug|Any CPU = Debug|Any CPU
		Release|Any CPU = Release|Any CPU
	EndGlobalSection
	GlobalSection(ProjectConfigurationPlatforms) = postSolution
		{4B3B3739-F006-4C0C-AB0F-385FF994C1BA}.Debug|Any CPU.ActiveCfg = Debug|Any CPU
		{4B3B3739-F006-4C0C-AB0F-385FF994C1BA}.Debug|Any CPU.Build.0 = Debug|Any CPU
		{4B3B3739-F006-4C0C-AB0F-385FF994C1BA}.Release|Any CPU.ActiveCfg = Release|Any CPU
		{4B3B3739-F006-4C0C-AB0F-385FF994C1BA}.Release|Any CPU.Build.0 = Release|Any CPU
	EndGlobalSection
	GlobalSection(SolutionProperties) = preSolution
		HideSolutionNode = FALSE
	EndGlobalSection
	GlobalSection(ExtensibilityGlobals) = postSolution
		SolutionGuid = {18E201CA-3DFA-4DDE-B3AC-DE16D88C31C4}
	EndGlobalSection
EndGlobal
